
Microsoft Visual Studio Solution File, Format Version 12.00
# Visual Studio Version 16
VisualStudioVersion = 16.0.31729.503
MinimumVisualStudioVersion = 10.0.40219.1
Project("{FAE04EC0-301F-11D3-BF4B-00C04F79EFBC}") = "Server", "Server\Server.csproj", "{D7F960A2-87B8-48DC-A423-C062210A1EE6}"
EndProject
Global
	GlobalSection(SolutionConfigurationPlatforms) = preSolution
		Debug|Any CPU = Debug|Any CPU
		Release|Any CPU = Release|Any CPU
	EndGlobalSection
	GlobalSection(ProjectConfigurationPlatforms) = postSolution
		{D7F960A2-87B8-48DC-A423-C062210A1EE6}.Debug|Any CPU.ActiveCfg = Debug|Any CPU
		{D7F960A2-87B8-48DC-A423-C062210A1EE6}.Debug|Any CPU.Build.0 = Debug|Any CPU
		{D7F960A2-87B8-48DC-A423-C062210A1EE6}.Release|Any CPU.ActiveCfg = Release|Any CPU
		{D7F960A2-87B8-48DC-A423-C062210A1EE6}.Release|Any CPU.Build.0 = Release|Any CPU
	EndGlobalSection
	GlobalSection(SolutionProperties) = preSolution
		HideSolutionNode = FALSE
	EndGlobalSection
	GlobalSection(ExtensibilityGlobals) = postSolution
		SolutionGuid = {0D9E54B9-0D63-4317-AE59-824387087334}
	EndGlobalSection
EndGlobal
